
Microsoft Visual Studio Solution File, Format Version 12.00
# Visual Studio Version 17
VisualStudioVersion = 17.1.32414.318
MinimumVisualStudioVersion = 10.0.40219.1
Project("{FAE04EC0-301F-11D3-BF4B-00C04F79EFBC}") = "Identity.NET", "Identity.NET\Identity.NET.csproj", "{B30F2589-2AFC-4EB1-99AA-10DBCEB61C96}"
EndProject
Global
	GlobalSection(SolutionConfigurationPlatforms) = preSolution
		Debug|Any CPU = Debug|Any CPU
		Release|Any CPU = Release|Any CPU
	EndGlobalSection
	GlobalSection(ProjectConfigurationPlatforms) = postSolution
		{B30F2589-2AFC-4EB1-99AA-10DBCEB61C96}.Debug|Any CPU.ActiveCfg = Debug|Any CPU
		{B30F2589-2AFC-4EB1-99AA-10DBCEB61C96}.Debug|Any CPU.Build.0 = Debug|Any CPU
		{B30F2589-2AFC-4EB1-99AA-10DBCEB61C96}.Release|Any CPU.ActiveCfg = Release|Any CPU
		{B30F2589-2AFC-4EB1-99AA-10DBCEB61C96}.Release|Any CPU.Build.0 = Release|Any CPU
	EndGlobalSection
	GlobalSection(SolutionProperties) = preSolution
		HideSolutionNode = FALSE
	EndGlobalSection
	GlobalSection(ExtensibilityGlobals) = postSolution
		SolutionGuid = {CBCC9988-AA06-4F83-864E-BFCB8EDA6CFA}
	EndGlobalSection
EndGlobal
